
Microsoft Visual Studio Solution File, Format Version 12.00
# Visual Studio 15
VisualStudioVersion = 15.0.28307.168
MinimumVisualStudioVersion = 10.0.40219.1
Project("{FAE04EC0-301F-11D3-BF4B-00C04F79EFBC}") = "Week2", "Week2\Week2.csproj", "{C7270F09-D8D0-4400-8BFF-F3713E59F047}"
EndProject
Global
	GlobalSection(SolutionConfigurationPlatforms) = preSolution
		Debug|Any CPU = Debug|Any CPU
		Release|Any CPU = Release|Any CPU
	EndGlobalSection
	GlobalSection(ProjectConfigurationPlatforms) = postSolution
		{C7270F09-D8D0-4400-8BFF-F3713E59F047}.Debug|Any CPU.ActiveCfg = Debug|Any CPU
		{C7270F09-D8D0-4400-8BFF-F3713E59F047}.Debug|Any CPU.Build.0 = Debug|Any CPU
		{C7270F09-D8D0-4400-8BFF-F3713E59F047}.Release|Any CPU.ActiveCfg = Release|Any CPU
		{C7270F09-D8D0-4400-8BFF-F3713E59F047}.Release|Any CPU.Build.0 = Release|Any CPU
	EndGlobalSection
	GlobalSection(SolutionProperties) = preSolution
		HideSolutionNode = FALSE
	EndGlobalSection
	GlobalSection(ExtensibilityGlobals) = postSolution
		SolutionGuid = {BFEA837D-F33A-4FE7-95DA-B0A06935413E}
	EndGlobalSection
EndGlobal
