
Microsoft Visual Studio Solution File, Format Version 12.00
# Visual Studio 15
VisualStudioVersion = 15.0.28307.168
MinimumVisualStudioVersion = 10.0.40219.1
Project("{FAE04EC0-301F-11D3-BF4B-00C04F79EFBC}") = "Week3", "Week3\Week3.csproj", "{68C7AE78-2645-4E2C-9266-F4FBCD3C7274}"
EndProject
Global
	GlobalSection(SolutionConfigurationPlatforms) = preSolution
		Debug|Any CPU = Debug|Any CPU
		Release|Any CPU = Release|Any CPU
	EndGlobalSection
	GlobalSection(ProjectConfigurationPlatforms) = postSolution
		{68C7AE78-2645-4E2C-9266-F4FBCD3C7274}.Debug|Any CPU.ActiveCfg = Debug|Any CPU
		{68C7AE78-2645-4E2C-9266-F4FBCD3C7274}.Debug|Any CPU.Build.0 = Debug|Any CPU
		{68C7AE78-2645-4E2C-9266-F4FBCD3C7274}.Release|Any CPU.ActiveCfg = Release|Any CPU
		{68C7AE78-2645-4E2C-9266-F4FBCD3C7274}.Release|Any CPU.Build.0 = Release|Any CPU
	EndGlobalSection
	GlobalSection(SolutionProperties) = preSolution
		HideSolutionNode = FALSE
	EndGlobalSection
	GlobalSection(ExtensibilityGlobals) = postSolution
		SolutionGuid = {18531B32-7FB8-4A78-BDD9-4806F72630FC}
	EndGlobalSection
EndGlobal
