
Microsoft Visual Studio Solution File, Format Version 12.00
# Visual Studio 15
VisualStudioVersion = 15.0.28307.168
MinimumVisualStudioVersion = 10.0.40219.1
Project("{FAE04EC0-301F-11D3-BF4B-00C04F79EFBC}") = "ASR-System", "ASR-System\ASR-System.csproj", "{BE7812EE-68C0-49CF-B2E6-E4A82E474C11}"
EndProject
Global
	GlobalSection(SolutionConfigurationPlatforms) = preSolution
		Debug|Any CPU = Debug|Any CPU
		Release|Any CPU = Release|Any CPU
	EndGlobalSection
	GlobalSection(ProjectConfigurationPlatforms) = postSolution
		{BE7812EE-68C0-49CF-B2E6-E4A82E474C11}.Debug|Any CPU.ActiveCfg = Debug|Any CPU
		{BE7812EE-68C0-49CF-B2E6-E4A82E474C11}.Debug|Any CPU.Build.0 = Debug|Any CPU
		{BE7812EE-68C0-49CF-B2E6-E4A82E474C11}.Release|Any CPU.ActiveCfg = Release|Any CPU
		{BE7812EE-68C0-49CF-B2E6-E4A82E474C11}.Release|Any CPU.Build.0 = Release|Any CPU
	EndGlobalSection
	GlobalSection(SolutionProperties) = preSolution
		HideSolutionNode = FALSE
	EndGlobalSection
	GlobalSection(ExtensibilityGlobals) = postSolution
		SolutionGuid = {8B26DB8C-D3D0-401E-A696-CCCA6B72C584}
	EndGlobalSection
EndGlobal
