
Microsoft Visual Studio Solution File, Format Version 12.00
# Visual Studio 15
VisualStudioVersion = 15.0.28307.168
MinimumVisualStudioVersion = 10.0.40219.1
Project("{FAE04EC0-301F-11D3-BF4B-00C04F79EFBC}") = "Week1", "Week1\Week1.csproj", "{632D2B84-620D-46B9-AC56-E310F96478A8}"
EndProject
Global
	GlobalSection(SolutionConfigurationPlatforms) = preSolution
		Debug|Any CPU = Debug|Any CPU
		Release|Any CPU = Release|Any CPU
	EndGlobalSection
	GlobalSection(ProjectConfigurationPlatforms) = postSolution
		{632D2B84-620D-46B9-AC56-E310F96478A8}.Debug|Any CPU.ActiveCfg = Debug|Any CPU
		{632D2B84-620D-46B9-AC56-E310F96478A8}.Debug|Any CPU.Build.0 = Debug|Any CPU
		{632D2B84-620D-46B9-AC56-E310F96478A8}.Release|Any CPU.ActiveCfg = Release|Any CPU
		{632D2B84-620D-46B9-AC56-E310F96478A8}.Release|Any CPU.Build.0 = Release|Any CPU
	EndGlobalSection
	GlobalSection(SolutionProperties) = preSolution
		HideSolutionNode = FALSE
	EndGlobalSection
	GlobalSection(ExtensibilityGlobals) = postSolution
		SolutionGuid = {4ACEBDD2-47D6-430A-8EB1-2CFB4AAB98DE}
	EndGlobalSection
EndGlobal
