
Microsoft Visual Studio Solution File, Format Version 12.00
# Visual Studio 15
VisualStudioVersion = 15.0.28307.168
MinimumVisualStudioVersion = 10.0.40219.1
Project("{FAE04EC0-301F-11D3-BF4B-00C04F79EFBC}") = "HelloWorldApplication", "HelloWorldApplication\HelloWorldApplication.csproj", "{3567A259-AE94-4838-8B8D-F688C7592EE3}"
EndProject
Global
	GlobalSection(SolutionConfigurationPlatforms) = preSolution
		Debug|Any CPU = Debug|Any CPU
		Release|Any CPU = Release|Any CPU
	EndGlobalSection
	GlobalSection(ProjectConfigurationPlatforms) = postSolution
		{3567A259-AE94-4838-8B8D-F688C7592EE3}.Debug|Any CPU.ActiveCfg = Debug|Any CPU
		{3567A259-AE94-4838-8B8D-F688C7592EE3}.Debug|Any CPU.Build.0 = Debug|Any CPU
		{3567A259-AE94-4838-8B8D-F688C7592EE3}.Release|Any CPU.ActiveCfg = Release|Any CPU
		{3567A259-AE94-4838-8B8D-F688C7592EE3}.Release|Any CPU.Build.0 = Release|Any CPU
	EndGlobalSection
	GlobalSection(SolutionProperties) = preSolution
		HideSolutionNode = FALSE
	EndGlobalSection
	GlobalSection(ExtensibilityGlobals) = postSolution
		SolutionGuid = {FC6AD08B-8E43-45F3-8829-06DA5F6306BF}
	EndGlobalSection
EndGlobal
